Microsoft Visual Studio Solution File, Format Version 12.00
# Visual Studio Version 16
VisualStudioVersion = 16.0.29926.136
MinimumVisualStudioVersion = 10.0.40219.1
Project("{FAE04EC0-301F-11D3-BF4B-00C04F79EFBC}") = "Exercise17.Exceptions", "Exercise17.Exceptions\Exercise17.Exceptions.csproj", "{79ECE15D-5078-4F58-980D-5B893D137180}"
EndProject
Global
	GlobalSection(SolutionConfigurationPlatforms) = preSolution
		Debug|anycpu = Debug|anycpu
		Release|anycpu = Release|anycpu
	EndGlobalSection
	GlobalSection(ProjectConfigurationPlatforms) = postSolution
		{79ECE15D-5078-4F58-980D-5B893D137180}.Debug|anycpu.ActiveCfg = Debug|Any CPU
		{79ECE15D-5078-4F58-980D-5B893D137180}.Debug|anycpu.Build.0 = Debug|Any CPU
		{79ECE15D-5078-4F58-980D-5B893D137180}.Release|anycpu.ActiveCfg = Release|Any CPU
		{79ECE15D-5078-4F58-980D-5B893D137180}.Release|anycpu.Build.0 = Release|Any CPU
	EndGlobalSection
	GlobalSection(SolutionProperties) = preSolution
		HideSolutionNode = FALSE
	EndGlobalSection
	GlobalSection(ExtensibilityGlobals) = postSolution
		SolutionGuid = {82BF0E4C-B11B-49D6-92CF-8AD43355A608}
	EndGlobalSection
EndGlobal
